{
  "name": "@nasapds/<REPLACE-WITH-YOUR-PACKAGE-NAME>",
  "version": "<REPLACE-WITH-VERSION>",
  "lockfileVersion": 3,
  "requires": true,
  "packages": {
    "": {
      "name": "@nasapds/<REPLACE-WITH-YOUR-PACKAGE-NAME>",
      "version": "<REPLACE-WITH-VERSION>",
      "license": "Apache-2.0"
    }
  }
}
